
Microsoft Visual Studio Solution File, Format Version 12.00
# Visual Studio Version 16
VisualStudioVersion = 16.0.29306.81
MinimumVisualStudioVersion = 10.0.40219.1
Project("{8BC9CEB8-8B4A-11D0-8D11-00A0C91BC942}") = "2.24", "2.24\2.24.vcxproj", "{02694ED9-FE53-4751-A690-12106540BD58}"
EndProject
Global
	GlobalSection(SolutionConfigurationPlatforms) = preSolution
		Debug|x64 = Debug|x64
		Debug|x86 = Debug|x86
		Release|x64 = Release|x64
		Release|x86 = Release|x86
	EndGlobalSection
	GlobalSection(ProjectConfigurationPlatforms) = postSolution
		{02694ED9-FE53-4751-A690-12106540BD58}.Debug|x64.ActiveCfg = Debug|x64
		{02694ED9-FE53-4751-A690-12106540BD58}.Debug|x64.Build.0 = Debug|x64
		{02694ED9-FE53-4751-A690-12106540BD58}.Debug|x86.ActiveCfg = Debug|Win32
		{02694ED9-FE53-4751-A690-12106540BD58}.Debug|x86.Build.0 = Debug|Win32
		{02694ED9-FE53-4751-A690-12106540BD58}.Release|x64.ActiveCfg = Release|x64
		{02694ED9-FE53-4751-A690-12106540BD58}.Release|x64.Build.0 = Release|x64
		{02694ED9-FE53-4751-A690-12106540BD58}.Release|x86.ActiveCfg = Release|Win32
		{02694ED9-FE53-4751-A690-12106540BD58}.Release|x86.Build.0 = Release|Win32
	EndGlobalSection
	GlobalSection(SolutionProperties) = preSolution
		HideSolutionNode = FALSE
	EndGlobalSection
	GlobalSection(ExtensibilityGlobals) = postSolution
		SolutionGuid = {BFF5D6B8-3B90-47AA-882D-A89AA5EA6B9E}
	EndGlobalSection
EndGlobal
